<?xml version="1.0" encoding="utf-8"?>
<Project ToolsVersion="4.0" xmlns="http://schemas.microsoft.com/developer/msbuild/2003">
  <ItemGroup>
    <Filter Include="shared">
      <UniqueIdentifier>{6a0e3b07-036c-4f24-a509-e41185bb8425}</UniqueIdentifier>
    </Filter>
  </ItemGroup>
  <ItemGroup>
    <ClCompile Include="..\..\..\shared\Camera.cpp">
      <Filter>shared</Filter>
    </ClCompile>
    <ClCompile Include="..\..\..\shared\d3dApp.cpp">
      <Filter>shared</Filter>
    </ClCompile>
    <ClCompile Include="..\..\..\shared\d3dUtil.cpp">
      <Filter>shared</Filter>
    </ClCompile>
    <ClCompile Include="..\..\..\shared\GameTimer.cpp">
      <Filter>shared</Filter>
    </ClCompile>
    <ClCompile Include="..\..\..\shared\GeometryGenerator.cpp">
      <Filter>shared</Filter>
    </ClCompile>
    <ClCompile Include="..\..\..\shared\LightHelper.cpp">
      <Filter>shared</Filter>
    </ClCompile>
    <ClCompile Include="..\..\..\shared\MathHelper.cpp">
      <Filter>shared</Filter>
    </ClCompile>
    <ClCompile Include="..\..\..\shared\TextureMgr.cpp">
      <Filter>shared</Filter>
    </ClCompile>
    <ClCompile Include="..\..\..\shared\Waves.cpp">
      <Filter>shared</Filter>
    </ClCompile>
    <ClCompile Include="PyramidDemo.cpp" />
  </ItemGroup>
  <ItemGroup>
    <ClInclude Include="..\..\..\shared\Camera.h">
      <Filter>shared</Filter>
    </ClInclude>
    <ClInclude Include="..\..\..\shared\d3dApp.h">
      <Filter>shared</Filter>
    </ClInclude>
    <ClInclude Include="..\..\..\shared\d3dUtil.h">
      <Filter>shared</Filter>
    </ClInclude>
    <ClInclude Include="..\..\..\shared\d3dx11effect.h">
      <Filter>shared</Filter>
    </ClInclude>
    <ClInclude Include="..\..\..\shared\GameTimer.h">
      <Filter>shared</Filter>
    </ClInclude>
    <ClInclude Include="..\..\..\shared\GeometryGenerator.h">
      <Filter>shared</Filter>
    </ClInclude>
    <ClInclude Include="..\..\..\shared\LightHelper.h">
      <Filter>shared</Filter>
    </ClInclude>
    <ClInclude Include="..\..\..\shared\MathHelper.h">
      <Filter>shared</Filter>
    </ClInclude>
    <ClInclude Include="..\..\..\shared\TextureMgr.h">
      <Filter>shared</Filter>
    </ClInclude>
    <ClInclude Include="..\..\..\shared\Waves.h">
      <Filter>shared</Filter>
    </ClInclude>
  </ItemGroup>
</Project>