<?xml version="1.0" encoding="utf-8"?>
<Project ToolsVersion="4.0" xmlns="http://schemas.microsoft.com/developer/msbuild/2003">
  <ItemGroup>
    <Filter Include="shared">
      <UniqueIdentifier>{ef68c190-86d4-41dc-b037-c10ddcb91510}</UniqueIdentifier>
    </Filter>
    <Filter Include="shaders">
      <UniqueIdentifier>{98e86647-de39-41a6-9cda-4644c62027cd}</UniqueIdentifier>
    </Filter>
  </ItemGroup>
  <ItemGroup>
    <ClCompile Include="..\..\..\shared\Camera.cpp">
      <Filter>shared</Filter>
    </ClCompile>
    <ClCompile Include="..\..\..\shared\d3dApp.cpp">
      <Filter>shared</Filter>
    </ClCompile>
    <ClCompile Include="..\..\..\shared\d3dUtil.cpp">
      <Filter>shared</Filter>
    </ClCompile>
    <ClCompile Include="..\..\..\shared\GameTimer.cpp">
      <Filter>shared</Filter>
    </ClCompile>
    <ClCompile Include="..\..\..\shared\GeometryGenerator.cpp">
      <Filter>shared</Filter>
    </ClCompile>
    <ClCompile Include="..\..\..\shared\LightHelper.cpp">
      <Filter>shared</Filter>
    </ClCompile>
    <ClCompile Include="..\..\..\shared\MathHelper.cpp">
      <Filter>shared</Filter>
    </ClCompile>
    <ClCompile Include="..\..\..\shared\TextureMgr.cpp">
      <Filter>shared</Filter>
    </ClCompile>
    <ClCompile Include="..\..\..\shared\Waves.cpp">
      <Filter>shared</Filter>
    </ClCompile>
    <ClCompile Include="Main.cpp" />
    <ClCompile Include="GraphicsPipeline.cpp" />
    <ClCompile Include="RenderStates.cpp" />
    <ClCompile Include="Vertex.cpp" />
  </ItemGroup>
  <ItemGroup>
    <ClInclude Include="..\..\..\shared\Camera.h">
      <Filter>shared</Filter>
    </ClInclude>
    <ClInclude Include="..\..\..\shared\d3dApp.h">
      <Filter>shared</Filter>
    </ClInclude>
    <ClInclude Include="..\..\..\shared\d3dUtil.h">
      <Filter>shared</Filter>
    </ClInclude>
    <ClInclude Include="..\..\..\shared\d3dx11effect.h">
      <Filter>shared</Filter>
    </ClInclude>
    <ClInclude Include="..\..\..\shared\GameTimer.h">
      <Filter>shared</Filter>
    </ClInclude>
    <ClInclude Include="..\..\..\shared\GeometryGenerator.h">
      <Filter>shared</Filter>
    </ClInclude>
    <ClInclude Include="..\..\..\shared\LightHelper.h">
      <Filter>shared</Filter>
    </ClInclude>
    <ClInclude Include="..\..\..\shared\MathHelper.h">
      <Filter>shared</Filter>
    </ClInclude>
    <ClInclude Include="..\..\..\shared\TextureMgr.h">
      <Filter>shared</Filter>
    </ClInclude>
    <ClInclude Include="..\..\..\shared\Waves.h">
      <Filter>shared</Filter>
    </ClInclude>
    <ClInclude Include="GraphicsPipeline.h" />
    <ClInclude Include="RenderStates.h" />
    <ClInclude Include="Vertex.h" />
  </ItemGroup>
  <ItemGroup>
    <None Include="basic.hlsli">
      <Filter>shaders</Filter>
    </None>
    <None Include="LightHelper.hlsli">
      <Filter>shaders</Filter>
    </None>
    <None Include="cylinder.shared.hlsli">
      <Filter>shaders</Filter>
    </None>
    <None Include="basic.pixel.hlsl">
      <Filter>shaders</Filter>
    </None>
  </ItemGroup>
  <ItemGroup>
    <FxCompile Include="basic.vertex.hlsl">
      <Filter>shaders</Filter>
    </FxCompile>
    <FxCompile Include="cylinder.vertex.hlsl">
      <Filter>shaders</Filter>
    </FxCompile>
    <FxCompile Include="cylinder.geo.hlsl">
      <Filter>shaders</Filter>
    </FxCompile>
    <FxCompile Include="cylinder.pixel.hlsl">
      <Filter>shaders</Filter>
    </FxCompile>
  </ItemGroup>
</Project>